
Microsoft Visual Studio Solution File, Format Version 12.00
# Visual Studio 14
VisualStudioVersion = 14.0.25420.1
MinimumVisualStudioVersion = 10.0.40219.1
Project("{FAE04EC0-301F-11D3-BF4B-00C04F79EFBC}") = "MirageConsole", "MirageConsole\MirageConsole.csproj", "{B07524FC-52CD-4CBB-8A4B-6C258CE6EDCA}"
EndProject
Project("{FAE04EC0-301F-11D3-BF4B-00C04F79EFBC}") = "MirageUI", "MirageUI\MirageUI.csproj", "{6A7C3664-B2C8-4B41-9A58-7301C2FF5F4D}"
EndProject
Project("{FAE04EC0-301F-11D3-BF4B-00C04F79EFBC}") = "MirageBusiness", "MirageBusiness\MirageBusiness.csproj", "{7029905B-E631-458B-96E2-A43801B3639E}"
EndProject
Global
	GlobalSection(SolutionConfigurationPlatforms) = preSolution
		Debug|Any CPU = Debug|Any CPU
		Release|Any CPU = Release|Any CPU
	EndGlobalSection
	GlobalSection(ProjectConfigurationPlatforms) = postSolution
		{B07524FC-52CD-4CBB-8A4B-6C258CE6EDCA}.Debug|Any CPU.ActiveCfg = Debug|Any CPU
		{B07524FC-52CD-4CBB-8A4B-6C258CE6EDCA}.Debug|Any CPU.Build.0 = Debug|Any CPU
		{B07524FC-52CD-4CBB-8A4B-6C258CE6EDCA}.Release|Any CPU.ActiveCfg = Release|Any CPU
		{B07524FC-52CD-4CBB-8A4B-6C258CE6EDCA}.Release|Any CPU.Build.0 = Release|Any CPU
		{6A7C3664-B2C8-4B41-9A58-7301C2FF5F4D}.Debug|Any CPU.ActiveCfg = Debug|Any CPU
		{6A7C3664-B2C8-4B41-9A58-7301C2FF5F4D}.Debug|Any CPU.Build.0 = Debug|Any CPU
		{6A7C3664-B2C8-4B41-9A58-7301C2FF5F4D}.Release|Any CPU.ActiveCfg = Release|Any CPU
		{6A7C3664-B2C8-4B41-9A58-7301C2FF5F4D}.Release|Any CPU.Build.0 = Release|Any CPU
		{7029905B-E631-458B-96E2-A43801B3639E}.Debug|Any CPU.ActiveCfg = Debug|Any CPU
		{7029905B-E631-458B-96E2-A43801B3639E}.Debug|Any CPU.Build.0 = Debug|Any CPU
		{7029905B-E631-458B-96E2-A43801B3639E}.Release|Any CPU.ActiveCfg = Release|Any CPU
		{7029905B-E631-458B-96E2-A43801B3639E}.Release|Any CPU.Build.0 = Release|Any CPU
	EndGlobalSection
	GlobalSection(SolutionProperties) = preSolution
		HideSolutionNode = FALSE
	EndGlobalSection
EndGlobal
